
Microsoft Visual Studio Solution File, Format Version 12.00
# Visual Studio Version 17
VisualStudioVersion = 17.0.32126.317
MinimumVisualStudioVersion = 10.0.40219.1
Project("{FAE04EC0-301F-11D3-BF4B-00C04F79EFBC}") = "EntityEXP02", "EntityEXP02.csproj", "{8E6C0813-2CB2-4AFF-8E97-38F39C774B8E}"
EndProject
Global
	GlobalSection(SolutionConfigurationPlatforms) = preSolution
		Debug|Any CPU = Debug|Any CPU
		Release|Any CPU = Release|Any CPU
	EndGlobalSection
	GlobalSection(ProjectConfigurationPlatforms) = postSolution
		{8E6C0813-2CB2-4AFF-8E97-38F39C774B8E}.Debug|Any CPU.ActiveCfg = Debug|Any CPU
		{8E6C0813-2CB2-4AFF-8E97-38F39C774B8E}.Debug|Any CPU.Build.0 = Debug|Any CPU
		{8E6C0813-2CB2-4AFF-8E97-38F39C774B8E}.Release|Any CPU.ActiveCfg = Release|Any CPU
		{8E6C0813-2CB2-4AFF-8E97-38F39C774B8E}.Release|Any CPU.Build.0 = Release|Any CPU
	EndGlobalSection
	GlobalSection(SolutionProperties) = preSolution
		HideSolutionNode = FALSE
	EndGlobalSection
	GlobalSection(ExtensibilityGlobals) = postSolution
		SolutionGuid = {2624BD74-623F-464D-A27D-8B87591B4B51}
	EndGlobalSection
EndGlobal
